// !$*UTF8*$!
{
	archiveVersion = 1;
	classes = {
	};
	objectVersion = 52;
	objects = {

/* Begin PBXBuildFile section */
		B60F63F325D3CDFB001B75D0 /* MapView.swift in Sources */ = {isa = PBXBuildFile; fileRef = B60F63F225D3CDFB001B75D0 /* MapView.swift */; };
		B627BD0925D03E3C00E0B4DC /* MonitorView.swift in Sources */ = {isa = PBXBuildFile; fileRef = B627BD0825D03E3C00E0B4DC /* MonitorView.swift */; };
		B627BD0E25D0E91400E0B4DC /* SwiftUICharts in Frameworks */ = {isa = PBXBuildFile; productRef = B627BD0D25D0E91400E0B4DC /* SwiftUICharts */; };
		B6409E5D25CEA69700B257EC /* SmartStrollerApp.swift in Sources */ = {isa = PBXBuildFile; fileRef = B6409E5C25CEA69700B257EC /* SmartStrollerApp.swift */; };
		B6409E5F25CEA69700B257EC /* ContentView.swift in Sources */ = {isa = PBXBuildFile; fileRef = B6409E5E25CEA69700B257EC /* ContentView.swift */; };
		B6409E6125CEA69A00B257EC /* Assets.xcassets in Resources */ = {isa = PBXBuildFile; fileRef = B6409E6025CEA69A00B257EC /* Assets.xcassets */; };
		B6409E6425CEA69A00B257EC /* Preview Assets.xcassets in Resources */ = {isa = PBXBuildFile; fileRef = B6409E6325CEA69A00B257EC /* Preview Assets.xcassets */; };
		B6409E6E25CEA90800B257EC /* ControllerView.swift in Sources */ = {isa = PBXBuildFile; fileRef = B6409E6D25CEA90800B257EC /* ControllerView.swift */; };
		B6DFC6CD25D126CD001D66CC /* Bluetooth.swift in Sources */ = {isa = PBXBuildFile; fileRef = B6DFC6CC25D126CD001D66CC /* Bluetooth.swift */; };
		B6DFC6D025D12707001D66CC /* DataStore.swift in Sources */ = {isa = PBXBuildFile; fileRef = B6DFC6CF25D12707001D66CC /* DataStore.swift */; };
/* End PBXBuildFile section */

/* Begin PBXFileReference section */
		B60F63F225D3CDFB001B75D0 /* MapView.swift */ = {isa = PBXFileReference; lastKnownFileType = sourcecode.swift; path = MapView.swift; sourceTree = "<group>"; };
		B627BD0825D03E3C00E0B4DC /* MonitorView.swift */ = {isa = PBXFileReference; lastKnownFileType = sourcecode.swift; path = MonitorView.swift; sourceTree = "<group>"; };
		B6409E5925CEA69700B257EC /* SmartStroller.app */ = {isa = PBXFileReference; explicitFileType = wrapper.application; includeInIndex = 0; path = SmartStroller.app; sourceTree = BUILT_PRODUCTS_DIR; };
		B6409E5C25CEA69700B257EC /* SmartStrollerApp.swift */ = {isa = PBXFileReference; lastKnownFileType = sourcecode.swift; path = SmartStrollerApp.swift; sourceTree = "<group>"; };
		B6409E5E25CEA69700B257EC /* ContentView.swift */ = {isa = PBXFileReference; lastKnownFileType = sourcecode.swift; path = ContentView.swift; sourceTree = "<group>"; };
		B6409E6025CEA69A00B257EC /* Assets.xcassets */ = {isa = PBXFileReference; lastKnownFileType = folder.assetcatalog; path = Assets.xcassets; sourceTree = "<group>"; };
		B6409E6325CEA69A00B257EC /* Preview Assets.xcassets */ = {isa = PBXFileReference; lastKnownFileType = folder.assetcatalog; path = "Preview Assets.xcassets"; sourceTree = "<group>"; };
		B6409E6525CEA69A00B257EC /* Info.plist */ = {isa = PBXFileReference; lastKnownFileType = text.plist.xml; path = Info.plist; sourceTree = "<group>"; };
		B6409E6D25CEA90800B257EC /* ControllerView.swift */ = {isa = PBXFileReference; lastKnownFileType = sourcecode.swift; path = ControllerView.swift; sourceTree = "<group>"; };
		B6DFC6CC25D126CD001D66CC /* Bluetooth.swift */ = {isa = PBXFileReference; lastKnownFileType = sourcecode.swift; path = Bluetooth.swift; sourceTree = "<group>"; };
		B6DFC6CF25D12707001D66CC /* DataStore.swift */ = {isa = PBXFileReference; lastKnownFileType = sourcecode.swift; path = DataStore.swift; sourceTree = "<group>"; };
/* End PBXFileReference section */

/* Begin PBXFrameworksBuildPhase section */
		B6409E5625CEA69700B257EC /* Frameworks */ = {
			isa = PBXFrameworksBuildPhase;
			buildActionMask = 2147483647;
			files = (
				B627BD0E25D0E91400E0B4DC /* SwiftUICharts in Frameworks */,
			);
			runOnlyForDeploymentPostprocessing = 0;
		};
/* End PBXFrameworksBuildPhase section */

/* Begin PBXGroup section */
		B6409E5025CEA69700B257EC = {
			isa = PBXGroup;
			children = (
				B6409E5B25CEA69700B257EC /* SmartStroller */,
				B6409E5A25CEA69700B257EC /* Products */,
			);
			sourceTree = "<group>";
		};
		B6409E5A25CEA69700B257EC /* Products */ = {
			isa = PBXGroup;
			children = (
				B6409E5925CEA69700B257EC /* SmartStroller.app */,
			);
			name = Products;
			sourceTree = "<group>";
		};
		B6409E5B25CEA69700B257EC /* SmartStroller */ = {
			isa = PBXGroup;
			children = (
				B6409E5C25CEA69700B257EC /* SmartStrollerApp.swift */,
				B6409E5E25CEA69700B257EC /* ContentView.swift */,
				B6DFC6CC25D126CD001D66CC /* Bluetooth.swift */,
				B6DFC6CF25D12707001D66CC /* DataStore.swift */,
				B6409E6D25CEA90800B257EC /* ControllerView.swift */,
				B627BD0825D03E3C00E0B4DC /* MonitorView.swift */,
				B60F63F225D3CDFB001B75D0 /* MapView.swift */,
				B6409E6025CEA69A00B257EC /* Assets.xcassets */,
				B6409E6525CEA69A00B257EC /* Info.plist */,
				B6409E6225CEA69A00B257EC /* Preview Content */,
			);
			path = SmartStroller;
			sourceTree = "<group>";
		};
		B6409E6225CEA69A00B257EC /* Preview Content */ = {
			isa = PBXGroup;
			children = (
				B6409E6325CEA69A00B257EC /* Preview Assets.xcassets */,
			);
			path = "Preview Content";
			sourceTree = "<group>";
		};
/* End PBXGroup section */

/* Begin PBXNativeTarget section */
		B6409E5825CEA69700B257EC /* SmartStroller */ = {
			isa = PBXNativeTarget;
			buildConfigurationList = B6409E6825CEA69A00B257EC /* Build configuration list for PBXNativeTarget "SmartStroller" */;
			buildPhases = (
				B6409E5525CEA69700B257EC /* Sources */,
				B6409E5625CEA69700B257EC /* Frameworks */,
				B6409E5725CEA69700B257EC /* Resources */,
			);
			buildRules = (
			);
			dependencies = (
			);
			name = SmartStroller;
			packageProductDependencies = (
				B627BD0D25D0E91400E0B4DC /* SwiftUICharts */,
			);
			productName = SmartStroller;
			productReference = B6409E5925CEA69700B257EC /* SmartStroller.app */;
			productType = "com.apple.product-type.application";
		};
/* End PBXNativeTarget section */

/* Begin PBXProject section */
		B6409E5125CEA69700B257EC /* Project object */ = {
			isa = PBXProject;
			attributes = {
				LastSwiftUpdateCheck = 1220;
				LastUpgradeCheck = 1220;
				TargetAttributes = {
					B6409E5825CEA69700B257EC = {
						CreatedOnToolsVersion = 12.2;
					};
				};
			};
			buildConfigurationList = B6409E5425CEA69700B257EC /* Build configuration list for PBXProject "SmartStroller" */;
			compatibilityVersion = "Xcode 9.3";
			developmentRegion = en;
			hasScannedForEncodings = 0;
			knownRegions = (
				en,
				Base,
			);
			mainGroup = B6409E5025CEA69700B257EC;
			packageReferences = (
				B627BD0C25D0E91400E0B4DC /* XCRemoteSwiftPackageReference "ChartView" */,
			);
			productRefGroup = B6409E5A25CEA69700B257EC /* Products */;
			projectDirPath = "";
			projectRoot = "";
			targets = (
				B6409E5825CEA69700B257EC /* SmartStroller */,
			);
		};
/* End PBXProject section */

/* Begin PBXResourcesBuildPhase section */
		B6409E5725CEA69700B257EC /* Resources */ = {
			isa = PBXResourcesBuildPhase;
			buildActionMask = 2147483647;
			files = (
				B6409E6425CEA69A00B257EC /* Preview Assets.xcassets in Resources */,
				B6409E6125CEA69A00B257EC /* Assets.xcassets in Resources */,
			);
			runOnlyForDeploymentPostprocessing = 0;
		};
/* End PBXResourcesBuildPhase section */

/* Begin PBXSourcesBuildPhase section */
		B6409E5525CEA69700B257EC /* Sources */ = {
			isa = PBXSourcesBuildPhase;
			buildActionMask = 2147483647;
			files = (
				B60F63F325D3CDFB001B75D0 /* MapView.swift in Sources */,
				B6409E5F25CEA69700B257EC /* ContentView.swift in Sources */,
				B6DFC6D025D12707001D66CC /* DataStore.swift in Sources */,
				B6DFC6CD25D126CD001D66CC /* Bluetooth.swift in Sources */,
				B6409E5D25CEA69700B257EC /* SmartStrollerApp.swift in Sources */,
				B6409E6E25CEA90800B257EC /* ControllerView.swift in Sources */,
				B627BD0925D03E3C00E0B4DC /* MonitorView.swift in Sources */,
			);
			runOnlyForDeploymentPostprocessing = 0;
		};
/* End PBXSourcesBuildPhase section */

/* Begin XCBuildConfiguration section */
		B6409E6625CEA69A00B257EC /* Debug */ = {
			isa = XCBuildConfiguration;
			buildSettings = {
				ALWAYS_SEARCH_USER_PATHS = NO;
				CLANG_ANALYZER_NONNULL = YES;
				CLANG_ANALYZER_NUMBER_OBJECT_CONVERSION = YES_AGGRESSIVE;
				CLANG_CXX_LANGUAGE_STANDARD = "gnu++14";
				CLANG_CXX_LIBRARY = "libc++";
				CLANG_ENABLE_MODULES = YES;
				CLANG_ENABLE_OBJC_ARC = YES;
				CLANG_ENABLE_OBJC_WEAK = YES;
				CLANG_WARN_BLOCK_CAPTURE_AUTORELEASING = YES;
				CLANG_WARN_BOOL_CONVERSION = YES;
				CLANG_WARN_COMMA = YES;
				CLANG_WARN_CONSTANT_CONVERSION = YES;
				CLANG_WARN_DEPRECATED_OBJC_IMPLEMENTATIONS = YES;
				CLANG_WARN_DIRECT_OBJC_ISA_USAGE = YES_ERROR;
				CLANG_WARN_DOCUMENTATION_COMMENTS = YES;
				CLANG_WARN_EMPTY_BODY = YES;
				CLANG_WARN_ENUM_CONVERSION = YES;
				CLANG_WARN_INFINITE_RECURSION = YES;
				CLANG_WARN_INT_CONVERSION = YES;
				CLANG_WARN_NON_LITERAL_NULL_CONVERSION = YES;
				CLANG_WARN_OBJC_IMPLICIT_RETAIN_SELF = YES;
				CLANG_WARN_OBJC_LITERAL_CONVERSION = YES;
				CLANG_WARN_OBJC_ROOT_CLASS = YES_ERROR;
				CLANG_WARN_QUOTED_INCLUDE_IN_FRAMEWORK_HEADER = YES;
				CLANG_WARN_RANGE_LOOP_ANALYSIS = YES;
				CLANG_WARN_STRICT_PROTOTYPES = YES;
				CLANG_WARN_SUSPICIOUS_MOVE = YES;
				CLANG_WARN_UNGUARDED_AVAILABILITY = YES_AGGRESSIVE;
				CLANG_WARN_UNREACHABLE_CODE = YES;
				CLANG_WARN__DUPLICATE_METHOD_MATCH = YES;
				COPY_PHASE_STRIP = NO;
				DEBUG_INFORMATION_FORMAT = dwarf;
				ENABLE_STRICT_OBJC_MSGSEND = YES;
				ENABLE_TESTABILITY = YES;
				GCC_C_LANGUAGE_STANDARD = gnu11;
				GCC_DYNAMIC_NO_PIC = NO;
				GCC_NO_COMMON_BLOCKS = YES;
				GCC_OPTIMIZATION_LEVEL = 0;
				GCC_PREPROCESSOR_DEFINITIONS = (
					"DEBUG=1",
					"$(inherited)",
				);
				GCC_WARN_64_TO_32_BIT_CONVERSION = YES;
				GCC_WARN_ABOUT_RETURN_TYPE = YES_ERROR;
				GCC_WARN_UNDECLARED_SELECTOR = YES;
				GCC_WARN_UNINITIALIZED_AUTOS = YES_AGGRESSIVE;
				GCC_WARN_UNUSED_FUNCTION = YES;
				GCC_WARN_UNUSED_VARIABLE = YES;
				IPHONEOS_DEPLOYMENT_TARGET = 14.0;
				MTL_ENABLE_DEBUG_INFO = INCLUDE_SOURCE;
				MTL_FAST_MATH = YES;
				ONLY_ACTIVE_ARCH = YES;
				SDKROOT = iphoneos;
				SWIFT_ACTIVE_COMPILATION_CONDITIONS = DEBUG;
				SWIFT_OPTIMIZATION_LEVEL = "-Onone";
			};
			name = Debug;
		};
		B6409E6725CEA69A00B257EC /* Release */ = {
			isa = XCBuildConfiguration;
			buildSettings = {
				ALWAYS_SEARCH_USER_PATHS = NO;
				CLANG_ANALYZER_NONNULL = YES;
				CLANG_ANALYZER_NUMBER_OBJECT_CONVERSION = YES_AGGRESSIVE;
				CLANG_CXX_LANGUAGE_STANDARD = "gnu++14";
				CLANG_CXX_LIBRARY = "libc++";
				CLANG_ENABLE_MODULES = YES;
				CLANG_ENABLE_OBJC_ARC = YES;
				CLANG_ENABLE_OBJC_WEAK = YES;
				CLANG_WARN_BLOCK_CAPTURE_AUTORELEASING = YES;
				CLANG_WARN_BOOL_CONVERSION = YES;
				CLANG_WARN_COMMA = YES;
				CLANG_WARN_CONSTANT_CONVERSION = YES;
				CLANG_WARN_DEPRECATED_OBJC_IMPLEMENTATIONS = YES;
				CLANG_WARN_DIRECT_OBJC_ISA_USAGE = YES_ERROR;
				CLANG_WARN_DOCUMENTATION_COMMENTS = YES;
				CLANG_WARN_EMPTY_BODY = YES;
				CLANG_WARN_ENUM_CONVERSION = YES;
				CLANG_WARN_INFINITE_RECURSION = YES;
				CLANG_WARN_INT_CONVERSION = YES;
				CLANG_WARN_NON_LITERAL_NULL_CONVERSION = YES;
				CLANG_WARN_OBJC_IMPLICIT_RETAIN_SELF = YES;
				CLANG_WARN_OBJC_LITERAL_CONVERSION = YES;
				CLANG_WARN_OBJC_ROOT_CLASS = YES_ERROR;
				CLANG_WARN_QUOTED_INCLUDE_IN_FRAMEWORK_HEADER = YES;
				CLANG_WARN_RANGE_LOOP_ANALYSIS = YES;
				CLANG_WARN_STRICT_PROTOTYPES = YES;
				CLANG_WARN_SUSPICIOUS_MOVE = YES;
				CLANG_WARN_UNGUARDED_AVAILABILITY = YES_AGGRESSIVE;
				CLANG_WARN_UNREACHABLE_CODE = YES;
				CLANG_WARN__DUPLICATE_METHOD_MATCH = YES;
				COPY_PHASE_STRIP = NO;
				DEBUG_INFORMATION_FORMAT = "dwarf-with-dsym";
				ENABLE_NS_ASSERTIONS = NO;
				ENABLE_STRICT_OBJC_MSGSEND = YES;
				GCC_C_LANGUAGE_STANDARD = gnu11;
				GCC_NO_COMMON_BLOCKS = YES;
				GCC_WARN_64_TO_32_BIT_CONVERSION = YES;
				GCC_WARN_ABOUT_RETURN_TYPE = YES_ERROR;
				GCC_WARN_UNDECLARED_SELECTOR = YES;
				GCC_WARN_UNINITIALIZED_AUTOS = YES_AGGRESSIVE;
				GCC_WARN_UNUSED_FUNCTION = YES;
				GCC_WARN_UNUSED_VARIABLE = YES;
				IPHONEOS_DEPLOYMENT_TARGET = 14.0;
				MTL_ENABLE_DEBUG_INFO = NO;
				MTL_FAST_MATH = YES;
				SDKROOT = iphoneos;
				SWIFT_COMPILATION_MODE = wholemodule;
				SWIFT_OPTIMIZATION_LEVEL = "-O";
				VALIDATE_PRODUCT = YES;
			};
			name = Release;
		};
		B6409E6925CEA69A00B257EC /* Debug */ = {
			isa = XCBuildConfiguration;
			buildSettings = {
				ASSETCATALOG_COMPILER_APPICON_NAME = AppIcon;
				ASSETCATALOG_COMPILER_GLOBAL_ACCENT_COLOR_NAME = AccentColor;
				CODE_SIGN_STYLE = Automatic;
				DEVELOPMENT_ASSET_PATHS = "\"SmartStroller/Preview Content\"";
				DEVELOPMENT_TEAM = 84F2ZSC9AH;
				ENABLE_PREVIEWS = YES;
				INFOPLIST_FILE = SmartStroller/Info.plist;
				IPHONEOS_DEPLOYMENT_TARGET = 14.0;
				LD_RUNPATH_SEARCH_PATHS = (
					"$(inherited)",
					"@executable_path/Frameworks",
				);
				PRODUCT_BUNDLE_IDENTIFIER = Ramon.SmartStroller;
				PRODUCT_NAME = "$(TARGET_NAME)";
				SWIFT_VERSION = 5.0;
				TARGETED_DEVICE_FAMILY = "1,2";
			};
			name = Debug;
		};
		B6409E6A25CEA69A00B257EC /* Release */ = {
			isa = XCBuildConfiguration;
			buildSettings = {
				ASSETCATALOG_COMPILER_APPICON_NAME = AppIcon;
				ASSETCATALOG_COMPILER_GLOBAL_ACCENT_COLOR_NAME = AccentColor;
				CODE_SIGN_STYLE = Automatic;
				DEVELOPMENT_ASSET_PATHS = "\"SmartStroller/Preview Content\"";
				DEVELOPMENT_TEAM = 84F2ZSC9AH;
				ENABLE_PREVIEWS = YES;
				INFOPLIST_FILE = SmartStroller/Info.plist;
				IPHONEOS_DEPLOYMENT_TARGET = 14.0;
				LD_RUNPATH_SEARCH_PATHS = (
					"$(inherited)",
					"@executable_path/Frameworks",
				);
				PRODUCT_BUNDLE_IDENTIFIER = Ramon.SmartStroller;
				PRODUCT_NAME = "$(TARGET_NAME)";
				SWIFT_VERSION = 5.0;
				TARGETED_DEVICE_FAMILY = "1,2";
			};
			name = Release;
		};
/* End XCBuildConfiguration section */

/* Begin XCConfigurationList section */
		B6409E5425CEA69700B257EC /* Build configuration list for PBXProject "SmartStroller" */ = {
			isa = XCConfigurationList;
			buildConfigurations = (
				B6409E6625CEA69A00B257EC /* Debug */,
				B6409E6725CEA69A00B257EC /* Release */,
			);
			defaultConfigurationIsVisible = 0;
			defaultConfigurationName = Release;
		};
		B6409E6825CEA69A00B257EC /* Build configuration list for PBXNativeTarget "SmartStroller" */ = {
			isa = XCConfigurationList;
			buildConfigurations = (
				B6409E6925CEA69A00B257EC /* Debug */,
				B6409E6A25CEA69A00B257EC /* Release */,
			);
			defaultConfigurationIsVisible = 0;
			defaultConfigurationName = Release;
		};
/* End XCConfigurationList section */

/* Begin XCRemoteSwiftPackageReference section */
		B627BD0C25D0E91400E0B4DC /* XCRemoteSwiftPackageReference "ChartView" */ = {
			isa = XCRemoteSwiftPackageReference;
			repositoryURL = "https://github.com/AppPear/ChartView";
			requirement = {
				kind = upToNextMajorVersion;
				minimumVersion = 1.5.4;
			};
		};
/* End XCRemoteSwiftPackageReference section */

/* Begin XCSwiftPackageProductDependency section */
		B627BD0D25D0E91400E0B4DC /* SwiftUICharts */ = {
			isa = XCSwiftPackageProductDependency;
			package = B627BD0C25D0E91400E0B4DC /* XCRemoteSwiftPackageReference "ChartView" */;
			productName = SwiftUICharts;
		};
/* End XCSwiftPackageProductDependency section */
	};
	rootObject = B6409E5125CEA69700B257EC /* Project object */;
}
